// !$*UTF8*$!
{
	archiveVersion = 1;
	classes = {
	};
	objectVersion = 48;
	objects = {

/* Begin PBXBuildFile section */
		66601C083FC8651E479EAD1C /* Pods_Example_GET.framework in Frameworks */ = {isa = PBXBuildFile; fileRef = CFD024A3C37F0ACD20E111D4 /* Pods_Example_GET.framework */; };
		7F64B211205FF9EB001744EE /* AppDelegate.swift in Sources */ = {isa = PBXBuildFile; fileRef = 7F64B210205FF9EB001744EE /* AppDelegate.swift */; };
		7F64B213205FF9EB001744EE /* ViewController.swift in Sources */ = {isa = PBXBuildFile; fileRef = 7F64B212205FF9EB001744EE /* ViewController.swift */; };
		7F64B216205FF9EB001744EE /* Main.storyboard in Resources */ = {isa = PBXBuildFile; fileRef = 7F64B214205FF9EB001744EE /* Main.storyboard */; };
		7F64B218205FF9EB001744EE /* Assets.xcassets in Resources */ = {isa = PBXBuildFile; fileRef = 7F64B217205FF9EB001744EE /* Assets.xcassets */; };
		7F64B21B205FF9EB001744EE /* LaunchScreen.storyboard in Resources */ = {isa = PBXBuildFile; fileRef = 7F64B219205FF9EB001744EE /* LaunchScreen.storyboard */; };
/* End PBXBuildFile section */

/* Begin PBXFileReference section */
		4DF1C13336C5003EA27DA918 /* Pods-Example_GET.debug.xcconfig */ = {isa = PBXFileReference; includeInIndex = 1; lastKnownFileType = text.xcconfig; name = "Pods-Example_GET.debug.xcconfig"; path = "Pods/Target Support Files/Pods-Example_GET/Pods-Example_GET.debug.xcconfig"; sourceTree = "<group>"; };
		71136B2E9534B8112010D93B /* Pods-Example_GET.release.xcconfig */ = {isa = PBXFileReference; includeInIndex = 1; lastKnownFileType = text.xcconfig; name = "Pods-Example_GET.release.xcconfig"; path = "Pods/Target Support Files/Pods-Example_GET/Pods-Example_GET.release.xcconfig"; sourceTree = "<group>"; };
		7F64B20D205FF9EB001744EE /* Example_GET.app */ = {isa = PBXFileReference; explicitFileType = wrapper.application; includeInIndex = 0; path = Example_GET.app; sourceTree = BUILT_PRODUCTS_DIR; };
		7F64B210205FF9EB001744EE /* AppDelegate.swift */ = {isa = PBXFileReference; lastKnownFileType = sourcecode.swift; path = AppDelegate.swift; sourceTree = "<group>"; };
		7F64B212205FF9EB001744EE /* ViewController.swift */ = {isa = PBXFileReference; lastKnownFileType = sourcecode.swift; path = ViewController.swift; sourceTree = "<group>"; };
		7F64B215205FF9EB001744EE /* Base */ = {isa = PBXFileReference; lastKnownFileType = file.storyboard; name = Base; path = Base.lproj/Main.storyboard; sourceTree = "<group>"; };
		7F64B217205FF9EB001744EE /* Assets.xcassets */ = {isa = PBXFileReference; lastKnownFileType = folder.assetcatalog; path = Assets.xcassets; sourceTree = "<group>"; };
		7F64B21A205FF9EB001744EE /* Base */ = {isa = PBXFileReference; lastKnownFileType = file.storyboard; name = Base; path = Base.lproj/LaunchScreen.storyboard; sourceTree = "<group>"; };
		7F64B21C205FF9EB001744EE /* Info.plist */ = {isa = PBXFileReference; lastKnownFileType = text.plist.xml; path = Info.plist; sourceTree = "<group>"; };
		CFD024A3C37F0ACD20E111D4 /* Pods_Example_GET.framework */ = {isa = PBXFileReference; explicitFileType = wrapper.framework; includeInIndex = 0; path = Pods_Example_GET.framework; sourceTree = BUILT_PRODUCTS_DIR; };
/* End PBXFileReference section */

/* Begin PBXFrameworksBuildPhase section */
		7F64B20A205FF9EB001744EE /* Frameworks */ = {
			isa = PBXFrameworksBuildPhase;
			buildActionMask = 2147483647;
			files = (
				66601C083FC8651E479EAD1C /* Pods_Example_GET.framework in Frameworks */,
			);
			runOnlyForDeploymentPostprocessing = 0;
		};
/* End PBXFrameworksBuildPhase section */

/* Begin PBXGroup section */
		7F64B204205FF9EB001744EE = {
			isa = PBXGroup;
			children = (
				7F64B20F205FF9EB001744EE /* Example_GET */,
				7F64B20E205FF9EB001744EE /* Products */,
				EF20EB0BF965E1D12AD38249 /* Pods */,
				CB2DFC8B868A57E359E5F33D /* Frameworks */,
			);
			sourceTree = "<group>";
		};
		7F64B20E205FF9EB001744EE /* Products */ = {
			isa = PBXGroup;
			children = (
				7F64B20D205FF9EB001744EE /* Example_GET.app */,
			);
			name = Products;
			sourceTree = "<group>";
		};
		7F64B20F205FF9EB001744EE /* Example_GET */ = {
			isa = PBXGroup;
			children = (
				7F64B210205FF9EB001744EE /* AppDelegate.swift */,
				7F64B212205FF9EB001744EE /* ViewController.swift */,
				7F64B214205FF9EB001744EE /* Main.storyboard */,
				7F64B217205FF9EB001744EE /* Assets.xcassets */,
				7F64B219205FF9EB001744EE /* LaunchScreen.storyboard */,
				7F64B21C205FF9EB001744EE /* Info.plist */,
			);
			path = Example_GET;
			sourceTree = "<group>";
		};
		CB2DFC8B868A57E359E5F33D /* Frameworks */ = {
			isa = PBXGroup;
			children = (
				CFD024A3C37F0ACD20E111D4 /* Pods_Example_GET.framework */,
			);
			name = Frameworks;
			sourceTree = "<group>";
		};
		EF20EB0BF965E1D12AD38249 /* Pods */ = {
			isa = PBXGroup;
			children = (
				4DF1C13336C5003EA27DA918 /* Pods-Example_GET.debug.xcconfig */,
				71136B2E9534B8112010D93B /* Pods-Example_GET.release.xcconfig */,
			);
			name = Pods;
			sourceTree = "<group>";
		};
/* End PBXGroup section */

/* Begin PBXNativeTarget section */
		7F64B20C205FF9EB001744EE /* Example_GET */ = {
			isa = PBXNativeTarget;
			buildConfigurationList = 7F64B21F205FF9EB001744EE /* Build configuration list for PBXNativeTarget "Example_GET" */;
			buildPhases = (
				3ACA65CD05C5A1602F94F488 /* [CP] Check Pods Manifest.lock */,
				7F64B209205FF9EB001744EE /* Sources */,
				7F64B20A205FF9EB001744EE /* Frameworks */,
				7F64B20B205FF9EB001744EE /* Resources */,
				A61CD307DBF6295B88E078A9 /* [CP] Embed Pods Frameworks */,
				7AD8E25D7E2FF5F3D15327FC /* [CP] Copy Pods Resources */,
			);
			buildRules = (
			);
			dependencies = (
			);
			name = Example_GET;
			productName = Example_GET;
			productReference = 7F64B20D205FF9EB001744EE /* Example_GET.app */;
			productType = "com.apple.product-type.application";
		};
/* End PBXNativeTarget section */

/* Begin PBXProject section */
		7F64B205205FF9EB001744EE /* Project object */ = {
			isa = PBXProject;
			attributes = {
				LastSwiftUpdateCheck = 0920;
				LastUpgradeCheck = 0920;
				ORGANIZATIONNAME = "Alexander Yakovenko";
				TargetAttributes = {
					7F64B20C205FF9EB001744EE = {
						CreatedOnToolsVersion = 9.2;
						ProvisioningStyle = Automatic;
					};
				};
			};
			buildConfigurationList = 7F64B208205FF9EB001744EE /* Build configuration list for PBXProject "Example_GET" */;
			compatibilityVersion = "Xcode 8.0";
			developmentRegion = en;
			hasScannedForEncodings = 0;
			knownRegions = (
				en,
				Base,
			);
			mainGroup = 7F64B204205FF9EB001744EE;
			productRefGroup = 7F64B20E205FF9EB001744EE /* Products */;
			projectDirPath = "";
			projectRoot = "";
			targets = (
				7F64B20C205FF9EB001744EE /* Example_GET */,
			);
		};
/* End PBXProject section */

/* Begin PBXResourcesBuildPhase section */
		7F64B20B205FF9EB001744EE /* Resources */ = {
			isa = PBXResourcesBuildPhase;
			buildActionMask = 2147483647;
			files = (
				7F64B21B205FF9EB001744EE /* LaunchScreen.storyboard in Resources */,
				7F64B218205FF9EB001744EE /* Assets.xcassets in Resources */,
				7F64B216205FF9EB001744EE /* Main.storyboard in Resources */,
			);
			runOnlyForDeploymentPostprocessing = 0;
		};
/* End PBXResourcesBuildPhase section */

/* Begin PBXShellScriptBuildPhase section */
		3ACA65CD05C5A1602F94F488 /* [CP] Check Pods Manifest.lock */ = {
			isa = PBXShellScriptBuildPhase;
			buildActionMask = 2147483647;
			files = (
			);
			inputPaths = (
				"${PODS_PODFILE_DIR_PATH}/Podfile.lock",
				"${PODS_ROOT}/Manifest.lock",
			);
			name = "[CP] Check Pods Manifest.lock";
			outputPaths = (
				"$(DERIVED_FILE_DIR)/Pods-Example_GET-checkManifestLockResult.txt",
			);
			runOnlyForDeploymentPostprocessing = 0;
			shellPath = /bin/sh;
			shellScript = "diff \"${PODS_PODFILE_DIR_PATH}/Podfile.lock\" \"${PODS_ROOT}/Manifest.lock\" > /dev/null\nif [ $? != 0 ] ; then\n    # print error to STDERR\n    echo \"error: The sandbox is not in sync with the Podfile.lock. Run 'pod install' or update your CocoaPods installation.\" >&2\n    exit 1\nfi\n# This output is used by Xcode 'outputs' to avoid re-running this script phase.\necho \"SUCCESS\" > \"${SCRIPT_OUTPUT_FILE_0}\"\n";
			showEnvVarsInLog = 0;
		};
		7AD8E25D7E2FF5F3D15327FC /* [CP] Copy Pods Resources */ = {
			isa = PBXShellScriptBuildPhase;
			buildActionMask = 2147483647;
			files = (
			);
			inputPaths = (
			);
			name = "[CP] Copy Pods Resources";
			outputPaths = (
			);
			runOnlyForDeploymentPostprocessing = 0;
			shellPath = /bin/sh;
			shellScript = "\"${SRCROOT}/Pods/Target Support Files/Pods-Example_GET/Pods-Example_GET-resources.sh\"\n";
			showEnvVarsInLog = 0;
		};
		A61CD307DBF6295B88E078A9 /* [CP] Embed Pods Frameworks */ = {
			isa = PBXShellScriptBuildPhase;
			buildActionMask = 2147483647;
			files = (
			);
			inputPaths = (
				"${SRCROOT}/Pods/Target Support Files/Pods-Example_GET/Pods-Example_GET-frameworks.sh",
				"${BUILT_PRODUCTS_DIR}/Alamofire/Alamofire.framework",
				"${BUILT_PRODUCTS_DIR}/SwiftyJSON/SwiftyJSON.framework",
			);
			name = "[CP] Embed Pods Frameworks";
			outputPaths = (
				"${TARGET_BUILD_DIR}/${FRAMEWORKS_FOLDER_PATH}/Alamofire.framework",
				"${TARGET_BUILD_DIR}/${FRAMEWORKS_FOLDER_PATH}/SwiftyJSON.framework",
			);
			runOnlyForDeploymentPostprocessing = 0;
			shellPath = /bin/sh;
			shellScript = "\"${SRCROOT}/Pods/Target Support Files/Pods-Example_GET/Pods-Example_GET-frameworks.sh\"\n";
			showEnvVarsInLog = 0;
		};
/* End PBXShellScriptBuildPhase section */

/* Begin PBXSourcesBuildPhase section */
		7F64B209205FF9EB001744EE /* Sources */ = {
			isa = PBXSourcesBuildPhase;
			buildActionMask = 2147483647;
			files = (
				7F64B213205FF9EB001744EE /* ViewController.swift in Sources */,
				7F64B211205FF9EB001744EE /* AppDelegate.swift in Sources */,
			);
			runOnlyForDeploymentPostprocessing = 0;
		};
/* End PBXSourcesBuildPhase section */

/* Begin PBXVariantGroup section */
		7F64B214205FF9EB001744EE /* Main.storyboard */ = {
			isa = PBXVariantGroup;
			children = (
				7F64B215205FF9EB001744EE /* Base */,
			);
			name = Main.storyboard;
			sourceTree = "<group>";
		};
		7F64B219205FF9EB001744EE /* LaunchScreen.storyboard */ = {
			isa = PBXVariantGroup;
			children = (
				7F64B21A205FF9EB001744EE /* Base */,
			);
			name = LaunchScreen.storyboard;
			sourceTree = "<group>";
		};
/* End PBXVariantGroup section */

/* Begin XCBuildConfiguration section */
		7F64B21D205FF9EB001744EE /* Debug */ = {
			isa = XCBuildConfiguration;
			buildSettings = {
				ALWAYS_SEARCH_USER_PATHS = NO;
				CLANG_ANALYZER_NONNULL = YES;
				CLANG_ANALYZER_NUMBER_OBJECT_CONVERSION = YES_AGGRESSIVE;
				CLANG_CXX_LANGUAGE_STANDARD = "gnu++14";
				CLANG_CXX_LIBRARY = "libc++";
				CLANG_ENABLE_MODULES = YES;
				CLANG_ENABLE_OBJC_ARC = YES;
				CLANG_WARN_BLOCK_CAPTURE_AUTORELEASING = YES;
				CLANG_WARN_BOOL_CONVERSION = YES;
				CLANG_WARN_COMMA = YES;
				CLANG_WARN_CONSTANT_CONVERSION = YES;
				CLANG_WARN_DIRECT_OBJC_ISA_USAGE = YES_ERROR;
				CLANG_WARN_DOCUMENTATION_COMMENTS = YES;
				CLANG_WARN_EMPTY_BODY = YES;
				CLANG_WARN_ENUM_CONVERSION = YES;
				CLANG_WARN_INFINITE_RECURSION = YES;
				CLANG_WARN_INT_CONVERSION = YES;
				CLANG_WARN_NON_LITERAL_NULL_CONVERSION = YES;
				CLANG_WARN_OBJC_LITERAL_CONVERSION = YES;
				CLANG_WARN_OBJC_ROOT_CLASS = YES_ERROR;
				CLANG_WARN_RANGE_LOOP_ANALYSIS = YES;
				CLANG_WARN_STRICT_PROTOTYPES = YES;
				CLANG_WARN_SUSPICIOUS_MOVE = YES;
				CLANG_WARN_UNGUARDED_AVAILABILITY = YES_AGGRESSIVE;
				CLANG_WARN_UNREACHABLE_CODE = YES;
				CLANG_WARN__DUPLICATE_METHOD_MATCH = YES;
				CODE_SIGN_IDENTITY = "iPhone Developer";
				COPY_PHASE_STRIP = NO;
				DEBUG_INFORMATION_FORMAT = dwarf;
				ENABLE_STRICT_OBJC_MSGSEND = YES;
				ENABLE_TESTABILITY = YES;
				GCC_C_LANGUAGE_STANDARD = gnu11;
				GCC_DYNAMIC_NO_PIC = NO;
				GCC_NO_COMMON_BLOCKS = YES;
				GCC_OPTIMIZATION_LEVEL = 0;
				GCC_PREPROCESSOR_DEFINITIONS = (
					"DEBUG=1",
					"$(inherited)",
				);
				GCC_WARN_64_TO_32_BIT_CONVERSION = YES;
				GCC_WARN_ABOUT_RETURN_TYPE = YES_ERROR;
				GCC_WARN_UNDECLARED_SELECTOR = YES;
				GCC_WARN_UNINITIALIZED_AUTOS = YES_AGGRESSIVE;
				GCC_WARN_UNUSED_FUNCTION = YES;
				GCC_WARN_UNUSED_VARIABLE = YES;
				IPHONEOS_DEPLOYMENT_TARGET = 11.2;
				MTL_ENABLE_DEBUG_INFO = YES;
				ONLY_ACTIVE_ARCH = YES;
				SDKROOT = iphoneos;
				SWIFT_ACTIVE_COMPILATION_CONDITIONS = DEBUG;
				SWIFT_OPTIMIZATION_LEVEL = "-Onone";
			};
			name = Debug;
		};
		7F64B21E205FF9EB001744EE /* Release */ = {
			isa = XCBuildConfiguration;
			buildSettings = {
				ALWAYS_SEARCH_USER_PATHS = NO;
				CLANG_ANALYZER_NONNULL = YES;
				CLANG_ANALYZER_NUMBER_OBJECT_CONVERSION = YES_AGGRESSIVE;
				CLANG_CXX_LANGUAGE_STANDARD = "gnu++14";
				CLANG_CXX_LIBRARY = "libc++";
				CLANG_ENABLE_MODULES = YES;
				CLANG_ENABLE_OBJC_ARC = YES;
				CLANG_WARN_BLOCK_CAPTURE_AUTORELEASING = YES;
				CLANG_WARN_BOOL_CONVERSION = YES;
				CLANG_WARN_COMMA = YES;
				CLANG_WARN_CONSTANT_CONVERSION = YES;
				CLANG_WARN_DIRECT_OBJC_ISA_USAGE = YES_ERROR;
				CLANG_WARN_DOCUMENTATION_COMMENTS = YES;
				CLANG_WARN_EMPTY_BODY = YES;
				CLANG_WARN_ENUM_CONVERSION = YES;
				CLANG_WARN_INFINITE_RECURSION = YES;
				CLANG_WARN_INT_CONVERSION = YES;
				CLANG_WARN_NON_LITERAL_NULL_CONVERSION = YES;
				CLANG_WARN_OBJC_LITERAL_CONVERSION = YES;
				CLANG_WARN_OBJC_ROOT_CLASS = YES_ERROR;
				CLANG_WARN_RANGE_LOOP_ANALYSIS = YES;
				CLANG_WARN_STRICT_PROTOTYPES = YES;
				CLANG_WARN_SUSPICIOUS_MOVE = YES;
				CLANG_WARN_UNGUARDED_AVAILABILITY = YES_AGGRESSIVE;
				CLANG_WARN_UNREACHABLE_CODE = YES;
				CLANG_WARN__DUPLICATE_METHOD_MATCH = YES;
				CODE_SIGN_IDENTITY = "iPhone Developer";
				COPY_PHASE_STRIP = NO;
				DEBUG_INFORMATION_FORMAT = "dwarf-with-dsym";
				ENABLE_NS_ASSERTIONS = NO;
				ENABLE_STRICT_OBJC_MSGSEND = YES;
				GCC_C_LANGUAGE_STANDARD = gnu11;
				GCC_NO_COMMON_BLOCKS = YES;
				GCC_WARN_64_TO_32_BIT_CONVERSION = YES;
				GCC_WARN_ABOUT_RETURN_TYPE = YES_ERROR;
				GCC_WARN_UNDECLARED_SELECTOR = YES;
				GCC_WARN_UNINITIALIZED_AUTOS = YES_AGGRESSIVE;
				GCC_WARN_UNUSED_FUNCTION = YES;
				GCC_WARN_UNUSED_VARIABLE = YES;
				IPHONEOS_DEPLOYMENT_TARGET = 11.2;
				MTL_ENABLE_DEBUG_INFO = NO;
				SDKROOT = iphoneos;
				SWIFT_OPTIMIZATION_LEVEL = "-Owholemodule";
				VALIDATE_PRODUCT = YES;
			};
			name = Release;
		};
		7F64B220205FF9EB001744EE /* Debug */ = {
			isa = XCBuildConfiguration;
			baseConfigurationReference = 4DF1C13336C5003EA27DA918 /* Pods-Example_GET.debug.xcconfig */;
			buildSettings = {
				ASSETCATALOG_COMPILER_APPICON_NAME = AppIcon;
				CODE_SIGN_STYLE = Automatic;
				DEVELOPMENT_TEAM = 3HY885L7L9;
				INFOPLIST_FILE = Example_GET/Info.plist;
				LD_RUNPATH_SEARCH_PATHS = "$(inherited) @executable_path/Frameworks";
				PRODUCT_BUNDLE_IDENTIFIER = "Alexander-Yakovenko.Example-GET";
				PRODUCT_NAME = "$(TARGET_NAME)";
				SWIFT_VERSION = 4.0;
				TARGETED_DEVICE_FAMILY = "1,2";
			};
			name = Debug;
		};
		7F64B221205FF9EB001744EE /* Release */ = {
			isa = XCBuildConfiguration;
			baseConfigurationReference = 71136B2E9534B8112010D93B /* Pods-Example_GET.release.xcconfig */;
			buildSettings = {
				ASSETCATALOG_COMPILER_APPICON_NAME = AppIcon;
				CODE_SIGN_STYLE = Automatic;
				DEVELOPMENT_TEAM = 3HY885L7L9;
				INFOPLIST_FILE = Example_GET/Info.plist;
				LD_RUNPATH_SEARCH_PATHS = "$(inherited) @executable_path/Frameworks";
				PRODUCT_BUNDLE_IDENTIFIER = "Alexander-Yakovenko.Example-GET";
				PRODUCT_NAME = "$(TARGET_NAME)";
				SWIFT_VERSION = 4.0;
				TARGETED_DEVICE_FAMILY = "1,2";
			};
			name = Release;
		};
/* End XCBuildConfiguration section */

/* Begin XCConfigurationList section */
		7F64B208205FF9EB001744EE /* Build configuration list for PBXProject "Example_GET" */ = {
			isa = XCConfigurationList;
			buildConfigurations = (
				7F64B21D205FF9EB001744EE /* Debug */,
				7F64B21E205FF9EB001744EE /* Release */,
			);
			defaultConfigurationIsVisible = 0;
			defaultConfigurationName = Release;
		};
		7F64B21F205FF9EB001744EE /* Build configuration list for PBXNativeTarget "Example_GET" */ = {
			isa = XCConfigurationList;
			buildConfigurations = (
				7F64B220205FF9EB001744EE /* Debug */,
				7F64B221205FF9EB001744EE /* Release */,
			);
			defaultConfigurationIsVisible = 0;
			defaultConfigurationName = Release;
		};
/* End XCConfigurationList section */
	};
	rootObject = 7F64B205205FF9EB001744EE /* Project object */;
}
